
Microsoft Visual Studio Solution File, Format Version 12.00
# Visual Studio 15
Project("{FAE04EC0-301F-11D3-BF4B-00C04F79EFBC}") = "UnityEngine.UI", "UnityEngine.UI.csproj", "{2AC1FF7A-7967-C1E8-EA76-32325A3721C0}"
EndProject
Project("{FAE04EC0-301F-11D3-BF4B-00C04F79EFBC}") = "Unity.RenderPipelines.Core.Runtime", "Unity.RenderPipelines.Core.Runtime.csproj", "{2F085A18-FBE3-65D5-9AA3-F318A2894AA7}"
EndProject
Project("{FAE04EC0-301F-11D3-BF4B-00C04F79EFBC}") = "Unity.RenderPipelines.Universal.Runtime", "Unity.RenderPipelines.Universal.Runtime.csproj", "{C68D8287-B74C-D517-DC9E-12942D12F361}"
EndProject
Project("{FAE04EC0-301F-11D3-BF4B-00C04F79EFBC}") = "Assembly-CSharp", "Assembly-CSharp.csproj", "{E18F5830-013D-54A2-2238-4813D41339A2}"
EndProject
Project("{FAE04EC0-301F-11D3-BF4B-00C04F79EFBC}") = "Unity.RenderPipeline.Universal.ShaderLibrary", "Unity.RenderPipeline.Universal.ShaderLibrary.csproj", "{E6848408-FD00-232B-9EA3-429796AF511C}"
EndProject
Project("{FAE04EC0-301F-11D3-BF4B-00C04F79EFBC}") = "Unity.RenderPipelines.Core.ShaderLibrary", "Unity.RenderPipelines.Core.ShaderLibrary.csproj", "{A7E7D306-7808-83C9-9ADE-F08260854B0C}"
EndProject
Project("{FAE04EC0-301F-11D3-BF4B-00C04F79EFBC}") = "Unity.RenderPipelines.Universal.Shaders", "Unity.RenderPipelines.Universal.Shaders.csproj", "{706EFFC7-88DB-C1BF-76FB-A394B55F176A}"
EndProject
Project("{FAE04EC0-301F-11D3-BF4B-00C04F79EFBC}") = "Unity.RenderPipelines.ShaderGraph.ShaderGraphLibrary", "Unity.RenderPipelines.ShaderGraph.ShaderGraphLibrary.csproj", "{F8827A33-D6DB-AF95-2D07-0EFE89584CFB}"
EndProject
Project("{FAE04EC0-301F-11D3-BF4B-00C04F79EFBC}") = "Unity.ShaderGraph.Editor", "Unity.ShaderGraph.Editor.csproj", "{F0BCFEEE-50E1-A723-C064-15CBC93578AD}"
EndProject
Project("{FAE04EC0-301F-11D3-BF4B-00C04F79EFBC}") = "Unity.RenderPipelines.Universal.Editor", "Unity.RenderPipelines.Universal.Editor.csproj", "{3F0D806E-166C-AC30-669F-2B23C735DBF7}"
EndProject
Project("{FAE04EC0-301F-11D3-BF4B-00C04F79EFBC}") = "Unity.RenderPipelines.Core.Editor", "Unity.RenderPipelines.Core.Editor.csproj", "{80130390-05E9-E1AC-88E7-64BA370872A1}"
EndProject
Project("{FAE04EC0-301F-11D3-BF4B-00C04F79EFBC}") = "UnityEditor.UI", "UnityEditor.UI.csproj", "{2930A625-60B1-C14D-E28A-28E6AA4EB051}"
EndProject
Project("{FAE04EC0-301F-11D3-BF4B-00C04F79EFBC}") = "Unity.ShaderGraph.Utilities", "Unity.ShaderGraph.Utilities.csproj", "{B9542930-80F1-5DE2-A1CB-ADE8625BFCB3}"
EndProject
Global
	GlobalSection(SolutionConfigurationPlatforms) = preSolution
		Debug|Any CPU = Debug|Any CPU
		Release|Any CPU = Release|Any CPU
	EndGlobalSection
	GlobalSection(ProjectConfigurationPlatforms) = postSolution
		{2AC1FF7A-7967-C1E8-EA76-32325A3721C0}.Debug|Any CPU.ActiveCfg = Debug|Any CPU
		{2AC1FF7A-7967-C1E8-EA76-32325A3721C0}.Debug|Any CPU.Build.0 = Debug|Any CPU
		{2AC1FF7A-7967-C1E8-EA76-32325A3721C0}.Release|Any CPU.ActiveCfg = Release|Any CPU
		{2AC1FF7A-7967-C1E8-EA76-32325A3721C0}.Release|Any CPU.Build.0 = Release|Any CPU
		{2F085A18-FBE3-65D5-9AA3-F318A2894AA7}.Debug|Any CPU.ActiveCfg = Debug|Any CPU
		{2F085A18-FBE3-65D5-9AA3-F318A2894AA7}.Debug|Any CPU.Build.0 = Debug|Any CPU
		{2F085A18-FBE3-65D5-9AA3-F318A2894AA7}.Release|Any CPU.ActiveCfg = Release|Any CPU
		{2F085A18-FBE3-65D5-9AA3-F318A2894AA7}.Release|Any CPU.Build.0 = Release|Any CPU
		{C68D8287-B74C-D517-DC9E-12942D12F361}.Debug|Any CPU.ActiveCfg = Debug|Any CPU
		{C68D8287-B74C-D517-DC9E-12942D12F361}.Debug|Any CPU.Build.0 = Debug|Any CPU
		{C68D8287-B74C-D517-DC9E-12942D12F361}.Release|Any CPU.ActiveCfg = Release|Any CPU
		{C68D8287-B74C-D517-DC9E-12942D12F361}.Release|Any CPU.Build.0 = Release|Any CPU
		{E18F5830-013D-54A2-2238-4813D41339A2}.Debug|Any CPU.ActiveCfg = Debug|Any CPU
		{E18F5830-013D-54A2-2238-4813D41339A2}.Debug|Any CPU.Build.0 = Debug|Any CPU
		{E18F5830-013D-54A2-2238-4813D41339A2}.Release|Any CPU.ActiveCfg = Release|Any CPU
		{E18F5830-013D-54A2-2238-4813D41339A2}.Release|Any CPU.Build.0 = Release|Any CPU
		{E6848408-FD00-232B-9EA3-429796AF511C}.Debug|Any CPU.ActiveCfg = Debug|Any CPU
		{E6848408-FD00-232B-9EA3-429796AF511C}.Debug|Any CPU.Build.0 = Debug|Any CPU
		{E6848408-FD00-232B-9EA3-429796AF511C}.Release|Any CPU.ActiveCfg = Release|Any CPU
		{E6848408-FD00-232B-9EA3-429796AF511C}.Release|Any CPU.Build.0 = Release|Any CPU
		{A7E7D306-7808-83C9-9ADE-F08260854B0C}.Debug|Any CPU.ActiveCfg = Debug|Any CPU
		{A7E7D306-7808-83C9-9ADE-F08260854B0C}.Debug|Any CPU.Build.0 = Debug|Any CPU
		{A7E7D306-7808-83C9-9ADE-F08260854B0C}.Release|Any CPU.ActiveCfg = Release|Any CPU
		{A7E7D306-7808-83C9-9ADE-F08260854B0C}.Release|Any CPU.Build.0 = Release|Any CPU
		{706EFFC7-88DB-C1BF-76FB-A394B55F176A}.Debug|Any CPU.ActiveCfg = Debug|Any CPU
		{706EFFC7-88DB-C1BF-76FB-A394B55F176A}.Debug|Any CPU.Build.0 = Debug|Any CPU
		{706EFFC7-88DB-C1BF-76FB-A394B55F176A}.Release|Any CPU.ActiveCfg = Release|Any CPU
		{706EFFC7-88DB-C1BF-76FB-A394B55F176A}.Release|Any CPU.Build.0 = Release|Any CPU
		{F8827A33-D6DB-AF95-2D07-0EFE89584CFB}.Debug|Any CPU.ActiveCfg = Debug|Any CPU
		{F8827A33-D6DB-AF95-2D07-0EFE89584CFB}.Debug|Any CPU.Build.0 = Debug|Any CPU
		{F8827A33-D6DB-AF95-2D07-0EFE89584CFB}.Release|Any CPU.ActiveCfg = Release|Any CPU
		{F8827A33-D6DB-AF95-2D07-0EFE89584CFB}.Release|Any CPU.Build.0 = Release|Any CPU
		{F0BCFEEE-50E1-A723-C064-15CBC93578AD}.Debug|Any CPU.ActiveCfg = Debug|Any CPU
		{F0BCFEEE-50E1-A723-C064-15CBC93578AD}.Debug|Any CPU.Build.0 = Debug|Any CPU
		{F0BCFEEE-50E1-A723-C064-15CBC93578AD}.Release|Any CPU.ActiveCfg = Release|Any CPU
		{F0BCFEEE-50E1-A723-C064-15CBC93578AD}.Release|Any CPU.Build.0 = Release|Any CPU
		{3F0D806E-166C-AC30-669F-2B23C735DBF7}.Debug|Any CPU.ActiveCfg = Debug|Any CPU
		{3F0D806E-166C-AC30-669F-2B23C735DBF7}.Debug|Any CPU.Build.0 = Debug|Any CPU
		{3F0D806E-166C-AC30-669F-2B23C735DBF7}.Release|Any CPU.ActiveCfg = Release|Any CPU
		{3F0D806E-166C-AC30-669F-2B23C735DBF7}.Release|Any CPU.Build.0 = Release|Any CPU
		{80130390-05E9-E1AC-88E7-64BA370872A1}.Debug|Any CPU.ActiveCfg = Debug|Any CPU
		{80130390-05E9-E1AC-88E7-64BA370872A1}.Debug|Any CPU.Build.0 = Debug|Any CPU
		{80130390-05E9-E1AC-88E7-64BA370872A1}.Release|Any CPU.ActiveCfg = Release|Any CPU
		{80130390-05E9-E1AC-88E7-64BA370872A1}.Release|Any CPU.Build.0 = Release|Any CPU
		{2930A625-60B1-C14D-E28A-28E6AA4EB051}.Debug|Any CPU.ActiveCfg = Debug|Any CPU
		{2930A625-60B1-C14D-E28A-28E6AA4EB051}.Debug|Any CPU.Build.0 = Debug|Any CPU
		{2930A625-60B1-C14D-E28A-28E6AA4EB051}.Release|Any CPU.ActiveCfg = Release|Any CPU
		{2930A625-60B1-C14D-E28A-28E6AA4EB051}.Release|Any CPU.Build.0 = Release|Any CPU
		{B9542930-80F1-5DE2-A1CB-ADE8625BFCB3}.Debug|Any CPU.ActiveCfg = Debug|Any CPU
		{B9542930-80F1-5DE2-A1CB-ADE8625BFCB3}.Debug|Any CPU.Build.0 = Debug|Any CPU
		{B9542930-80F1-5DE2-A1CB-ADE8625BFCB3}.Release|Any CPU.ActiveCfg = Release|Any CPU
		{B9542930-80F1-5DE2-A1CB-ADE8625BFCB3}.Release|Any CPU.Build.0 = Release|Any CPU
	EndGlobalSection
	GlobalSection(SolutionProperties) = preSolution
		HideSolutionNode = FALSE
	EndGlobalSection
EndGlobal
